
Microsoft Visual Studio Solution File, Format Version 12.00
# Visual Studio Version 16
VisualStudioVersion = 16.0.33027.164
MinimumVisualStudioVersion = 10.0.40219.1
Project("{FAE04EC0-301F-11D3-BF4B-00C04F79EFBC}") = "lab3ex4", "lab3ex4\lab3ex4.csproj", "{888258BE-4159-4C26-B3AB-E2B682DC02BF}"
EndProject
Global
	GlobalSection(SolutionConfigurationPlatforms) = preSolution
		Debug|Any CPU = Debug|Any CPU
		Release|Any CPU = Release|Any CPU
	EndGlobalSection
	GlobalSection(ProjectConfigurationPlatforms) = postSolution
		{888258BE-4159-4C26-B3AB-E2B682DC02BF}.Debug|Any CPU.ActiveCfg = Debug|Any CPU
		{888258BE-4159-4C26-B3AB-E2B682DC02BF}.Debug|Any CPU.Build.0 = Debug|Any CPU
		{888258BE-4159-4C26-B3AB-E2B682DC02BF}.Release|Any CPU.ActiveCfg = Release|Any CPU
		{888258BE-4159-4C26-B3AB-E2B682DC02BF}.Release|Any CPU.Build.0 = Release|Any CPU
	EndGlobalSection
	GlobalSection(SolutionProperties) = preSolution
		HideSolutionNode = FALSE
	EndGlobalSection
	GlobalSection(ExtensibilityGlobals) = postSolution
		SolutionGuid = {9FADD0E9-69AB-440C-9914-A75177F96618}
	EndGlobalSection
EndGlobal
